
Microsoft Visual Studio Solution File, Format Version 12.00
# Visual Studio 2012
Project("{FAE04EC0-301F-11D3-BF4B-00C04F79EFBC}") = "CDTControl", "CDTControl\CDTControl.csproj", "{8EEECDAC-1392-4262-A698-B5BE74ADCF72}"
EndProject
Project("{FAE04EC0-301F-11D3-BF4B-00C04F79EFBC}") = "CDTDatabase", "CDTDatabase\CDTDatabase.csproj", "{9BBDB6C7-70F8-4805-BB51-445551E282C5}"
EndProject
Project("{FAE04EC0-301F-11D3-BF4B-00C04F79EFBC}") = "CDTLib", "CDTLib\CDTLib.csproj", "{CF282973-8899-4C28-8286-71155CBE9C3A}"
EndProject
Project("{FAE04EC0-301F-11D3-BF4B-00C04F79EFBC}") = "CDTSystem", "CDTSystem\CDTSystem.csproj", "{15E11060-C873-4207-A081-C5D2DB94C203}"
EndProject
Project("{FAE04EC0-301F-11D3-BF4B-00C04F79EFBC}") = "CusCDTData", "CusCDTData\CusCDTData.csproj", "{6EAFCE2A-4DF1-40B3-BE77-0195539C8A92}"
EndProject
Project("{FAE04EC0-301F-11D3-BF4B-00C04F79EFBC}") = "DataFactory", "DataFactory\DataFactory.csproj", "{91C9EBB2-ABAA-4ABE-A659-69E2208BF10E}"
EndProject
Project("{FAE04EC0-301F-11D3-BF4B-00C04F79EFBC}") = "DevControls", "DevControls\DevControls.csproj", "{4983AC7A-6DF3-4F84-951F-5589B56C4AC5}"
EndProject
Project("{FAE04EC0-301F-11D3-BF4B-00C04F79EFBC}") = "ReportFactory", "ReportFactory\ReportFactory.csproj", "{C409FCCF-BB0C-4DF2-960F-B26B3CF2D7E0}"
EndProject
Project("{FAE04EC0-301F-11D3-BF4B-00C04F79EFBC}") = "CusAccounting", "CusAccounting\CusAccounting.csproj", "{49531EBD-D862-462A-9F23-A1D2A00A305B}"
EndProject
Project("{FAE04EC0-301F-11D3-BF4B-00C04F79EFBC}") = "DesignWorkflow", "DesignWorkflow\DesignWorkflow.csproj", "{8E505B22-96F0-4085-A510-5BE535DD4D4B}"
EndProject
Project("{FAE04EC0-301F-11D3-BF4B-00C04F79EFBC}") = "CDT", "CDT\CDT.csproj", "{A48C0424-B640-40F9-9F72-9D96667B6160}"
EndProject
Project("{FAE04EC0-301F-11D3-BF4B-00C04F79EFBC}") = "ErrorManager", "ErrorManager\ErrorManager.csproj", "{87726715-C19D-44AD-9CA0-90097D40EB39}"
EndProject
Project("{FAE04EC0-301F-11D3-BF4B-00C04F79EFBC}") = "FormFactory", "FormFactory\FormFactory.csproj", "{1A72F659-C361-4FD3-ABE8-EF03B6F33A78}"
EndProject
Project("{FAE04EC0-301F-11D3-BF4B-00C04F79EFBC}") = "Plugins", "Plugins\Plugins.csproj", "{AFA2F1D0-B84B-406A-99D3-9ADA58DBFFCD}"
EndProject
Project("{FAE04EC0-301F-11D3-BF4B-00C04F79EFBC}") = "AutoUpdate", "AutoUpdate\AutoUpdate.csproj", "{01245622-D251-497A-A6D8-0F3C0C175F6F}"
EndProject
Project("{FAE04EC0-301F-11D3-BF4B-00C04F79EFBC}") = "publicCDT", "publicCDT\publicCDT.csproj", "{2BF8A753-E0F0-43CE-B883-D15013B744D3}"
EndProject
Global
	GlobalSection(SolutionConfigurationPlatforms) = preSolution
		Debug|Any CPU = Debug|Any CPU
		Release|Any CPU = Release|Any CPU
	EndGlobalSection
	GlobalSection(ProjectConfigurationPlatforms) = postSolution
		{8EEECDAC-1392-4262-A698-B5BE74ADCF72}.Debug|Any CPU.ActiveCfg = Debug|Any CPU
		{8EEECDAC-1392-4262-A698-B5BE74ADCF72}.Debug|Any CPU.Build.0 = Debug|Any CPU
		{8EEECDAC-1392-4262-A698-B5BE74ADCF72}.Release|Any CPU.ActiveCfg = Release|Any CPU
		{8EEECDAC-1392-4262-A698-B5BE74ADCF72}.Release|Any CPU.Build.0 = Release|Any CPU
		{9BBDB6C7-70F8-4805-BB51-445551E282C5}.Debug|Any CPU.ActiveCfg = Debug|Any CPU
		{9BBDB6C7-70F8-4805-BB51-445551E282C5}.Debug|Any CPU.Build.0 = Debug|Any CPU
		{9BBDB6C7-70F8-4805-BB51-445551E282C5}.Release|Any CPU.ActiveCfg = Release|Any CPU
		{9BBDB6C7-70F8-4805-BB51-445551E282C5}.Release|Any CPU.Build.0 = Release|Any CPU
		{CF282973-8899-4C28-8286-71155CBE9C3A}.Debug|Any CPU.ActiveCfg = Debug|Any CPU
		{CF282973-8899-4C28-8286-71155CBE9C3A}.Debug|Any CPU.Build.0 = Debug|Any CPU
		{CF282973-8899-4C28-8286-71155CBE9C3A}.Release|Any CPU.ActiveCfg = Release|Any CPU
		{CF282973-8899-4C28-8286-71155CBE9C3A}.Release|Any CPU.Build.0 = Release|Any CPU
		{15E11060-C873-4207-A081-C5D2DB94C203}.Debug|Any CPU.ActiveCfg = Debug|Any CPU
		{15E11060-C873-4207-A081-C5D2DB94C203}.Debug|Any CPU.Build.0 = Debug|Any CPU
		{15E11060-C873-4207-A081-C5D2DB94C203}.Release|Any CPU.ActiveCfg = Release|Any CPU
		{15E11060-C873-4207-A081-C5D2DB94C203}.Release|Any CPU.Build.0 = Release|Any CPU
		{6EAFCE2A-4DF1-40B3-BE77-0195539C8A92}.Debug|Any CPU.ActiveCfg = Debug|Any CPU
		{6EAFCE2A-4DF1-40B3-BE77-0195539C8A92}.Debug|Any CPU.Build.0 = Debug|Any CPU
		{6EAFCE2A-4DF1-40B3-BE77-0195539C8A92}.Release|Any CPU.ActiveCfg = Release|Any CPU
		{6EAFCE2A-4DF1-40B3-BE77-0195539C8A92}.Release|Any CPU.Build.0 = Release|Any CPU
		{91C9EBB2-ABAA-4ABE-A659-69E2208BF10E}.Debug|Any CPU.ActiveCfg = Debug|Any CPU
		{91C9EBB2-ABAA-4ABE-A659-69E2208BF10E}.Debug|Any CPU.Build.0 = Debug|Any CPU
		{91C9EBB2-ABAA-4ABE-A659-69E2208BF10E}.Release|Any CPU.ActiveCfg = Release|Any CPU
		{91C9EBB2-ABAA-4ABE-A659-69E2208BF10E}.Release|Any CPU.Build.0 = Release|Any CPU
		{4983AC7A-6DF3-4F84-951F-5589B56C4AC5}.Debug|Any CPU.ActiveCfg = Debug|Any CPU
		{4983AC7A-6DF3-4F84-951F-5589B56C4AC5}.Debug|Any CPU.Build.0 = Debug|Any CPU
		{4983AC7A-6DF3-4F84-951F-5589B56C4AC5}.Release|Any CPU.ActiveCfg = Release|Any CPU
		{4983AC7A-6DF3-4F84-951F-5589B56C4AC5}.Release|Any CPU.Build.0 = Release|Any CPU
		{C409FCCF-BB0C-4DF2-960F-B26B3CF2D7E0}.Debug|Any CPU.ActiveCfg = Debug|Any CPU
		{C409FCCF-BB0C-4DF2-960F-B26B3CF2D7E0}.Debug|Any CPU.Build.0 = Debug|Any CPU
		{C409FCCF-BB0C-4DF2-960F-B26B3CF2D7E0}.Release|Any CPU.ActiveCfg = Release|Any CPU
		{C409FCCF-BB0C-4DF2-960F-B26B3CF2D7E0}.Release|Any CPU.Build.0 = Release|Any CPU
		{49531EBD-D862-462A-9F23-A1D2A00A305B}.Debug|Any CPU.ActiveCfg = Debug|Any CPU
		{49531EBD-D862-462A-9F23-A1D2A00A305B}.Debug|Any CPU.Build.0 = Debug|Any CPU
		{49531EBD-D862-462A-9F23-A1D2A00A305B}.Release|Any CPU.ActiveCfg = Release|Any CPU
		{49531EBD-D862-462A-9F23-A1D2A00A305B}.Release|Any CPU.Build.0 = Release|Any CPU
		{8E505B22-96F0-4085-A510-5BE535DD4D4B}.Debug|Any CPU.ActiveCfg = Debug|Any CPU
		{8E505B22-96F0-4085-A510-5BE535DD4D4B}.Debug|Any CPU.Build.0 = Debug|Any CPU
		{8E505B22-96F0-4085-A510-5BE535DD4D4B}.Release|Any CPU.ActiveCfg = Release|Any CPU
		{8E505B22-96F0-4085-A510-5BE535DD4D4B}.Release|Any CPU.Build.0 = Release|Any CPU
		{A48C0424-B640-40F9-9F72-9D96667B6160}.Debug|Any CPU.ActiveCfg = Debug|Any CPU
		{A48C0424-B640-40F9-9F72-9D96667B6160}.Debug|Any CPU.Build.0 = Debug|Any CPU
		{A48C0424-B640-40F9-9F72-9D96667B6160}.Release|Any CPU.ActiveCfg = Release|Any CPU
		{A48C0424-B640-40F9-9F72-9D96667B6160}.Release|Any CPU.Build.0 = Release|Any CPU
		{87726715-C19D-44AD-9CA0-90097D40EB39}.Debug|Any CPU.ActiveCfg = Debug|Any CPU
		{87726715-C19D-44AD-9CA0-90097D40EB39}.Debug|Any CPU.Build.0 = Debug|Any CPU
		{87726715-C19D-44AD-9CA0-90097D40EB39}.Release|Any CPU.ActiveCfg = Release|Any CPU
		{87726715-C19D-44AD-9CA0-90097D40EB39}.Release|Any CPU.Build.0 = Release|Any CPU
		{1A72F659-C361-4FD3-ABE8-EF03B6F33A78}.Debug|Any CPU.ActiveCfg = Debug|Any CPU
		{1A72F659-C361-4FD3-ABE8-EF03B6F33A78}.Debug|Any CPU.Build.0 = Debug|Any CPU
		{1A72F659-C361-4FD3-ABE8-EF03B6F33A78}.Release|Any CPU.ActiveCfg = Release|Any CPU
		{1A72F659-C361-4FD3-ABE8-EF03B6F33A78}.Release|Any CPU.Build.0 = Release|Any CPU
		{AFA2F1D0-B84B-406A-99D3-9ADA58DBFFCD}.Debug|Any CPU.ActiveCfg = Debug|Any CPU
		{AFA2F1D0-B84B-406A-99D3-9ADA58DBFFCD}.Debug|Any CPU.Build.0 = Debug|Any CPU
		{AFA2F1D0-B84B-406A-99D3-9ADA58DBFFCD}.Release|Any CPU.ActiveCfg = Release|Any CPU
		{AFA2F1D0-B84B-406A-99D3-9ADA58DBFFCD}.Release|Any CPU.Build.0 = Release|Any CPU
		{01245622-D251-497A-A6D8-0F3C0C175F6F}.Debug|Any CPU.ActiveCfg = Debug|Any CPU
		{01245622-D251-497A-A6D8-0F3C0C175F6F}.Debug|Any CPU.Build.0 = Debug|Any CPU
		{01245622-D251-497A-A6D8-0F3C0C175F6F}.Release|Any CPU.ActiveCfg = Release|Any CPU
		{01245622-D251-497A-A6D8-0F3C0C175F6F}.Release|Any CPU.Build.0 = Release|Any CPU
		{2BF8A753-E0F0-43CE-B883-D15013B744D3}.Debug|Any CPU.ActiveCfg = Debug|Any CPU
		{2BF8A753-E0F0-43CE-B883-D15013B744D3}.Debug|Any CPU.Build.0 = Debug|Any CPU
		{2BF8A753-E0F0-43CE-B883-D15013B744D3}.Release|Any CPU.ActiveCfg = Release|Any CPU
		{2BF8A753-E0F0-43CE-B883-D15013B744D3}.Release|Any CPU.Build.0 = Release|Any CPU
	EndGlobalSection
	GlobalSection(SolutionProperties) = preSolution
		HideSolutionNode = FALSE
	EndGlobalSection
EndGlobal
